# @generated - this file is auto-generated by `mise lock` https://mise.jdx.dev/dev-tools/mise-lock.html

[[tools.go]]
version = "1.26.5"
backend = "core:go"

[tools.go."platforms.linux-x64"]
checksum = "sha256:5c2c3b16caefa1d968a94c1daca04a7ca301a496d9b086e17ad77bb81393f053"
url = "https://dl.google.com/go/go1.26.5.linux-amd64.tar.gz"

[tools.go."platforms.macos-arm64"]
checksum = "sha256:efb87ff28af9a188d0536ef5d42e63dd52ba8263cd7344a993cc48dd11dedb6a"
url = "https://dl.google.com/go/go1.26.5.darwin-arm64.tar.gz"

[[tools.python]]
version = "3.14.6"
backend = "core:python"

[tools.python."platforms.linux-x64"]
checksum = "sha256:86bf107f65fc30b56f2b263b26797fcbb1661f5315910cdbf27f733eb8738b74"
url = "https://github.com/astral-sh/python-build-standalone/releases/download/20260718/cpython-3.14.6+20260718-x86_64-unknown-linux-gnu-install_only_stripped.tar.gz"
provenance = "github-attestations"

[tools.python."platforms.macos-arm64"]
checksum = "sha256:5e8e0746cb0108d138f510cfbb28c4b031b9ed63bbbe3e43a34c77d4663c4fa1"
url = "https://github.com/astral-sh/python-build-standalone/releases/download/20260718/cpython-3.14.6+20260718-aarch64-apple-darwin-install_only_stripped.tar.gz"
provenance = "github-attestations"
